
Microsoft Visual Studio Solution File, Format Version 12.00
# Visual Studio 14
VisualStudioVersion = 14.0.25420.1
MinimumVisualStudioVersion = 10.0.40219.1
Project("{FAE04EC0-301F-11D3-BF4B-00C04F79EFBC}") = "PdfCompressorLibrary", "PdfCompressorLibrary\PdfCompressorLibrary.csproj", "{153166BD-A3F1-42A1-8033-36F2E9DB9D0D}"
EndProject
Project("{FAE04EC0-301F-11D3-BF4B-00C04F79EFBC}") = "UnitTests", "UnitTests\UnitTests.csproj", "{555E9BB5-D8A2-4EA7-BA59-3431C08B01F1}"
EndProject
Global
	GlobalSection(SolutionConfigurationPlatforms) = preSolution
		Debug|Any CPU = Debug|Any CPU
		Release|Any CPU = Release|Any CPU
	EndGlobalSection
	GlobalSection(ProjectConfigurationPlatforms) = postSolution
		{153166BD-A3F1-42A1-8033-36F2E9DB9D0D}.Debug|Any CPU.ActiveCfg = Debug|Any CPU
		{153166BD-A3F1-42A1-8033-36F2E9DB9D0D}.Debug|Any CPU.Build.0 = Debug|Any CPU
		{153166BD-A3F1-42A1-8033-36F2E9DB9D0D}.Release|Any CPU.ActiveCfg = Release|Any CPU
		{153166BD-A3F1-42A1-8033-36F2E9DB9D0D}.Release|Any CPU.Build.0 = Release|Any CPU
		{555E9BB5-D8A2-4EA7-BA59-3431C08B01F1}.Debug|Any CPU.ActiveCfg = Debug|Any CPU
		{555E9BB5-D8A2-4EA7-BA59-3431C08B01F1}.Debug|Any CPU.Build.0 = Debug|Any CPU
		{555E9BB5-D8A2-4EA7-BA59-3431C08B01F1}.Release|Any CPU.ActiveCfg = Release|Any CPU
		{555E9BB5-D8A2-4EA7-BA59-3431C08B01F1}.Release|Any CPU.Build.0 = Release|Any CPU
	EndGlobalSection
	GlobalSection(SolutionProperties) = preSolution
		HideSolutionNode = FALSE
	EndGlobalSection
EndGlobal
